
Microsoft Visual Studio Solution File, Format Version 12.00
# Visual Studio Version 16
VisualStudioVersion = 16.0.31829.152
MinimumVisualStudioVersion = 10.0.40219.1
Project("{8BC9CEB8-8B4A-11D0-8D11-00A0C91BC942}") = "test1", "test1\test1.vcxproj", "{8E38106C-CCC4-4ED9-8295-677FD639DB85}"
EndProject
Project("{8BC9CEB8-8B4A-11D0-8D11-00A0C91BC942}") = "SPOJ_1", "SPOJ_1\SPOJ_1.vcxproj", "{EA0DAE0A-32C0-472B-9C1E-583B47C3B5B2}"
EndProject
Project("{8BC9CEB8-8B4A-11D0-8D11-00A0C91BC942}") = "SPOJ_2", "SPOJ_2\SPOJ_2.vcxproj", "{E0F7B0F9-8004-40E2-9840-A57DD1F439B5}"
EndProject
Project("{8BC9CEB8-8B4A-11D0-8D11-00A0C91BC942}") = "SPOJ_2_version_2", "SPOJ_2_version_2\SPOJ_2_version_2.vcxproj", "{4EE11D4B-8FD9-424E-98EC-A865E240318C}"
EndProject
Project("{8BC9CEB8-8B4A-11D0-8D11-00A0C91BC942}") = "SPOJ_5", "SPOJ_5\SPOJ_5.vcxproj", "{7F9EA179-7929-49A2-A742-CCA8F0514AFE}"
EndProject
Global
	GlobalSection(SolutionConfigurationPlatforms) = preSolution
		Debug|x64 = Debug|x64
		Debug|x86 = Debug|x86
		Release|x64 = Release|x64
		Release|x86 = Release|x86
	EndGlobalSection
	GlobalSection(ProjectConfigurationPlatforms) = postSolution
		{8E38106C-CCC4-4ED9-8295-677FD639DB85}.Debug|x64.ActiveCfg = Debug|x64
		{8E38106C-CCC4-4ED9-8295-677FD639DB85}.Debug|x64.Build.0 = Debug|x64
		{8E38106C-CCC4-4ED9-8295-677FD639DB85}.Debug|x86.ActiveCfg = Debug|Win32
		{8E38106C-CCC4-4ED9-8295-677FD639DB85}.Debug|x86.Build.0 = Debug|Win32
		{8E38106C-CCC4-4ED9-8295-677FD639DB85}.Release|x64.ActiveCfg = Release|x64
		{8E38106C-CCC4-4ED9-8295-677FD639DB85}.Release|x64.Build.0 = Release|x64
		{8E38106C-CCC4-4ED9-8295-677FD639DB85}.Release|x86.ActiveCfg = Release|Win32
		{8E38106C-CCC4-4ED9-8295-677FD639DB85}.Release|x86.Build.0 = Release|Win32
		{EA0DAE0A-32C0-472B-9C1E-583B47C3B5B2}.Debug|x64.ActiveCfg = Debug|x64
		{EA0DAE0A-32C0-472B-9C1E-583B47C3B5B2}.Debug|x64.Build.0 = Debug|x64
		{EA0DAE0A-32C0-472B-9C1E-583B47C3B5B2}.Debug|x86.ActiveCfg = Debug|Win32
		{EA0DAE0A-32C0-472B-9C1E-583B47C3B5B2}.Debug|x86.Build.0 = Debug|Win32
		{EA0DAE0A-32C0-472B-9C1E-583B47C3B5B2}.Release|x64.ActiveCfg = Release|x64
		{EA0DAE0A-32C0-472B-9C1E-583B47C3B5B2}.Release|x64.Build.0 = Release|x64
		{EA0DAE0A-32C0-472B-9C1E-583B47C3B5B2}.Release|x86.ActiveCfg = Release|Win32
		{EA0DAE0A-32C0-472B-9C1E-583B47C3B5B2}.Release|x86.Build.0 = Release|Win32
		{E0F7B0F9-8004-40E2-9840-A57DD1F439B5}.Debug|x64.ActiveCfg = Debug|x64
		{E0F7B0F9-8004-40E2-9840-A57DD1F439B5}.Debug|x64.Build.0 = Debug|x64
		{E0F7B0F9-8004-40E2-9840-A57DD1F439B5}.Debug|x86.ActiveCfg = Debug|Win32
		{E0F7B0F9-8004-40E2-9840-A57DD1F439B5}.Debug|x86.Build.0 = Debug|Win32
		{E0F7B0F9-8004-40E2-9840-A57DD1F439B5}.Release|x64.ActiveCfg = Release|x64
		{E0F7B0F9-8004-40E2-9840-A57DD1F439B5}.Release|x64.Build.0 = Release|x64
		{E0F7B0F9-8004-40E2-9840-A57DD1F439B5}.Release|x86.ActiveCfg = Release|Win32
		{E0F7B0F9-8004-40E2-9840-A57DD1F439B5}.Release|x86.Build.0 = Release|Win32
		{4EE11D4B-8FD9-424E-98EC-A865E240318C}.Debug|x64.ActiveCfg = Debug|x64
		{4EE11D4B-8FD9-424E-98EC-A865E240318C}.Debug|x64.Build.0 = Debug|x64
		{4EE11D4B-8FD9-424E-98EC-A865E240318C}.Debug|x86.ActiveCfg = Debug|Win32
		{4EE11D4B-8FD9-424E-98EC-A865E240318C}.Debug|x86.Build.0 = Debug|Win32
		{4EE11D4B-8FD9-424E-98EC-A865E240318C}.Release|x64.ActiveCfg = Release|x64
		{4EE11D4B-8FD9-424E-98EC-A865E240318C}.Release|x64.Build.0 = Release|x64
		{4EE11D4B-8FD9-424E-98EC-A865E240318C}.Release|x86.ActiveCfg = Release|Win32
		{4EE11D4B-8FD9-424E-98EC-A865E240318C}.Release|x86.Build.0 = Release|Win32
		{7F9EA179-7929-49A2-A742-CCA8F0514AFE}.Debug|x64.ActiveCfg = Debug|x64
		{7F9EA179-7929-49A2-A742-CCA8F0514AFE}.Debug|x64.Build.0 = Debug|x64
		{7F9EA179-7929-49A2-A742-CCA8F0514AFE}.Debug|x86.ActiveCfg = Debug|Win32
		{7F9EA179-7929-49A2-A742-CCA8F0514AFE}.Debug|x86.Build.0 = Debug|Win32
		{7F9EA179-7929-49A2-A742-CCA8F0514AFE}.Release|x64.ActiveCfg = Release|x64
		{7F9EA179-7929-49A2-A742-CCA8F0514AFE}.Release|x64.Build.0 = Release|x64
		{7F9EA179-7929-49A2-A742-CCA8F0514AFE}.Release|x86.ActiveCfg = Release|Win32
		{7F9EA179-7929-49A2-A742-CCA8F0514AFE}.Release|x86.Build.0 = Release|Win32
	EndGlobalSection
	GlobalSection(SolutionProperties) = preSolution
		HideSolutionNode = FALSE
	EndGlobalSection
	GlobalSection(ExtensibilityGlobals) = postSolution
		SolutionGuid = {CC720B8F-E8A7-47A7-A475-1E35DBE717DE}
	EndGlobalSection
EndGlobal
